
Microsoft Visual Studio Solution File, Format Version 11.00
# Visual Studio 2010
Project("{FAE04EC0-301F-11D3-BF4B-00C04F79EFBC}") = "SellukeittoSovellus", "SellukeittoSovellus\SellukeittoSovellus.csproj", "{B4BF81C6-47AA-4F31-A248-1227C9E2A367}"
EndProject
Project("{2150E333-8FDC-42A3-9474-1A3956D46DE8}") = "Solution Items", "Solution Items", "{D63072E2-6FAE-4814-9BD2-84EA201F1918}"
	ProjectSection(SolutionItems) = preProject
		Local.testsettings = Local.testsettings
		SellukeittoSovellus.vsmdi = SellukeittoSovellus.vsmdi
		TraceAndTestImpact.testsettings = TraceAndTestImpact.testsettings
	EndProjectSection
EndProject
Project("{FAE04EC0-301F-11D3-BF4B-00C04F79EFBC}") = "Test", "Test\Test.csproj", "{C1C19009-81F8-4AB8-BFCD-FE81F23183A6}"
EndProject
Global
	GlobalSection(TestCaseManagementSettings) = postSolution
		CategoryFile = SellukeittoSovellus.vsmdi
	EndGlobalSection
	GlobalSection(SolutionConfigurationPlatforms) = preSolution
		Debug|Any CPU = Debug|Any CPU
		Debug|Mixed Platforms = Debug|Mixed Platforms
		Debug|x86 = Debug|x86
		Release|Any CPU = Release|Any CPU
		Release|Mixed Platforms = Release|Mixed Platforms
		Release|x86 = Release|x86
	EndGlobalSection
	GlobalSection(ProjectConfigurationPlatforms) = postSolution
		{B4BF81C6-47AA-4F31-A248-1227C9E2A367}.Debug|Any CPU.ActiveCfg = Debug|x86
		{B4BF81C6-47AA-4F31-A248-1227C9E2A367}.Debug|Mixed Platforms.ActiveCfg = Debug|x86
		{B4BF81C6-47AA-4F31-A248-1227C9E2A367}.Debug|Mixed Platforms.Build.0 = Debug|x86
		{B4BF81C6-47AA-4F31-A248-1227C9E2A367}.Debug|x86.ActiveCfg = Debug|x86
		{B4BF81C6-47AA-4F31-A248-1227C9E2A367}.Debug|x86.Build.0 = Debug|x86
		{B4BF81C6-47AA-4F31-A248-1227C9E2A367}.Release|Any CPU.ActiveCfg = Release|x86
		{B4BF81C6-47AA-4F31-A248-1227C9E2A367}.Release|Mixed Platforms.ActiveCfg = Release|x86
		{B4BF81C6-47AA-4F31-A248-1227C9E2A367}.Release|Mixed Platforms.Build.0 = Release|x86
		{B4BF81C6-47AA-4F31-A248-1227C9E2A367}.Release|x86.ActiveCfg = Release|x86
		{B4BF81C6-47AA-4F31-A248-1227C9E2A367}.Release|x86.Build.0 = Release|x86
		{C1C19009-81F8-4AB8-BFCD-FE81F23183A6}.Debug|Any CPU.ActiveCfg = Debug|Any CPU
		{C1C19009-81F8-4AB8-BFCD-FE81F23183A6}.Debug|Any CPU.Build.0 = Debug|Any CPU
		{C1C19009-81F8-4AB8-BFCD-FE81F23183A6}.Debug|Mixed Platforms.ActiveCfg = Debug|Any CPU
		{C1C19009-81F8-4AB8-BFCD-FE81F23183A6}.Debug|Mixed Platforms.Build.0 = Debug|Any CPU
		{C1C19009-81F8-4AB8-BFCD-FE81F23183A6}.Debug|x86.ActiveCfg = Debug|Any CPU
		{C1C19009-81F8-4AB8-BFCD-FE81F23183A6}.Release|Any CPU.ActiveCfg = Release|Any CPU
		{C1C19009-81F8-4AB8-BFCD-FE81F23183A6}.Release|Any CPU.Build.0 = Release|Any CPU
		{C1C19009-81F8-4AB8-BFCD-FE81F23183A6}.Release|Mixed Platforms.ActiveCfg = Release|Any CPU
		{C1C19009-81F8-4AB8-BFCD-FE81F23183A6}.Release|Mixed Platforms.Build.0 = Release|Any CPU
		{C1C19009-81F8-4AB8-BFCD-FE81F23183A6}.Release|x86.ActiveCfg = Release|Any CPU
	EndGlobalSection
	GlobalSection(SolutionProperties) = preSolution
		HideSolutionNode = FALSE
	EndGlobalSection
EndGlobal
